// !$*UTF8*$!
{
	archiveVersion = 1;
	classes = {
	};
	objectVersion = 77;
	objects = {

/* Begin PBXBuildFile section */
		D0C5F3D52E4C3917003DDFAB /* BridgeNode.swift in Sources */ = {isa = PBXBuildFile; fileRef = D0C5F3B82E4C385C003DDFAB /* BridgeNode.swift */; };
		D0C5F3D62E4C3917003DDFAB /* ExitPortalNode.swift in Sources */ = {isa = PBXBuildFile; fileRef = D0C5F3B92E4C385C003DDFAB /* ExitPortalNode.swift */; };
		D0C5F3D72E4C3917003DDFAB /* FlowBarrierNode.swift in Sources */ = {isa = PBXBuildFile; fileRef = D0C5F3BA2E4C385C003DDFAB /* FlowBarrierNode.swift */; };
		D0C5F3D82E4C3917003DDFAB /* HeatPlateNode.swift in Sources */ = {isa = PBXBuildFile; fileRef = D0C5F3BB2E4C385C003DDFAB /* HeatPlateNode.swift */; };
		D0C5F3D92E4C3917003DDFAB /* IceWallNode.swift in Sources */ = {isa = PBXBuildFile; fileRef = D0C5F3BC2E4C385C003DDFAB /* IceWallNode.swift */; };
		D0C5F3DA2E4C3917003DDFAB /* SparkNode.swift in Sources */ = {isa = PBXBuildFile; fileRef = D0C5F3BD2E4C385C003DDFAB /* SparkNode.swift */; };
		D0C5F3DB2E4C3917003DDFAB /* SurgeBarrierNode.swift in Sources */ = {isa = PBXBuildFile; fileRef = D0C5F3BE2E4C385C003DDFAB /* SurgeBarrierNode.swift */; };
		D0C5F3DC2E4C3917003DDFAB /* VesperNode.swift in Sources */ = {isa = PBXBuildFile; fileRef = D0C5F3BF2E4C385C003DDFAB /* VesperNode.swift */; };
		D0C5F3DD2E4C3917003DDFAB /* WindmillNode.swift in Sources */ = {isa = PBXBuildFile; fileRef = D0C5F3C02E4C385C003DDFAB /* WindmillNode.swift */; };
		D0C5F3DE2E4C3917003DDFAB /* BaseScene.swift in Sources */ = {isa = PBXBuildFile; fileRef = D0C5F3C22E4C385C003DDFAB /* BaseScene.swift */; };
		D0C5F3DF2E4C3917003DDFAB /* SparkScene.swift in Sources */ = {isa = PBXBuildFile; fileRef = D0C5F3C32E4C385C003DDFAB /* SparkScene.swift */; };
		D0C5F3E02E4C3917003DDFAB /* VesperScene.swift in Sources */ = {isa = PBXBuildFile; fileRef = D0C5F3C42E4C385C003DDFAB /* VesperScene.swift */; };
		D0C5F3EE2E4C3917003DDFAB /* Level1Scene.swift in Sources */ = {isa = PBXBuildFile; fileRef = D0C5F3F22E4C385C003DDFAB /* Level1Scene.swift */; };
		D0C5F3E12E4C3917003DDFAB /* LevelManager.swift in Sources */ = {isa = PBXBuildFile; fileRef = D0C5F3C62E4C385C003DDFAB /* LevelManager.swift */; };
		D0C5F3E22E4C3917003DDFAB /* ParticlePool.swift in Sources */ = {isa = PBXBuildFile; fileRef = D0C5F3C72E4C385C003DDFAB /* ParticlePool.swift */; };
		D0C5F3E32E4C3917003DDFAB /* GameManager.swift in Sources */ = {isa = PBXBuildFile; fileRef = D0C5F3CA2E4C385C003DDFAB /* GameManager.swift */; };
		D0C5F3E42E4C3917003DDFAB /* AchievementManager.swift in Sources */ = {isa = PBXBuildFile; fileRef = D0C5F3CC2E4C385C003DDFAB /* AchievementManager.swift */; };
		D0C5F3E52E4C3917003DDFAB /* SaveSystem.swift in Sources */ = {isa = PBXBuildFile; fileRef = D0C5F3CD2E4C385C003DDFAB /* SaveSystem.swift */; };
		D0C5F3E62E4C3917003DDFAB /* SparkAndVesperApp.swift in Sources */ = {isa = PBXBuildFile; fileRef = D0C5F3D42E4C385C003DDFAB /* SparkAndVesperApp.swift */; };
		D0C5F3E72E4C3917003DDFAB /* GameScreen.swift in Sources */ = {isa = PBXBuildFile; fileRef = D0C5F3B42E4C385C003DDFAB /* GameScreen.swift */; };
		D0C5F3E82E4C3917003DDFAB /* RootView.swift in Sources */ = {isa = PBXBuildFile; fileRef = D0C5F3B52E4C385C003DDFAB /* RootView.swift */; };
		D0C5F3EC2E4C3917003DDFAB /* WebLevelView.swift in Sources */ = {isa = PBXBuildFile; fileRef = D0C5F3F02E4C385C003DDFAB /* WebLevelView.swift */; };
		D0C5F3ED2E4C3917003DDFAB /* level1.html in Resources */ = {isa = PBXBuildFile; fileRef = D0C5F3F12E4C385C003DDFAB /* level1.html */; };
		D0C5F3E92E4C3917003DDFAB /* Constants.swift in Sources */ = {isa = PBXBuildFile; fileRef = D0C5F3D02E4C385C003DDFAB /* Constants.swift */; };
		D0C5F3EA2E4C3917003DDFAB /* Haptics.swift in Sources */ = {isa = PBXBuildFile; fileRef = D0C5F3D12E4C385C003DDFAB /* Haptics.swift */; };
		D0C5F3EB2E4C3917003DDFAB /* Shaders.swift in Sources */ = {isa = PBXBuildFile; fileRef = D0C5F3D22E4C385C003DDFAB /* Shaders.swift */; };
/* End PBXBuildFile section */

/* Begin PBXContainerItemProxy section */
		D0C5F3932E4BC037003DDFAB /* PBXContainerItemProxy */ = {
			isa = PBXContainerItemProxy;
			containerPortal = D0C5F3712E4BC036003DDFAB /* Project object */;
			proxyType = 1;
			remoteGlobalIDString = D0C5F3782E4BC036003DDFAB;
			remoteInfo = "Spark&Vesper";
		};
		D0C5F39D2E4BC037003DDFAB /* PBXContainerItemProxy */ = {
			isa = PBXContainerItemProxy;
			containerPortal = D0C5F3712E4BC036003DDFAB /* Project object */;
			proxyType = 1;
			remoteGlobalIDString = D0C5F3782E4BC036003DDFAB;
			remoteInfo = "Spark&Vesper";
		};
/* End PBXContainerItemProxy section */

/* Begin PBXFileReference section */
		D0C5F3792E4BC036003DDFAB /* Spark&Vesper.app */ = {isa = PBXFileReference; explicitFileType = wrapper.application; includeInIndex = 0; path = "Spark&Vesper.app"; sourceTree = BUILT_PRODUCTS_DIR; };
		D0C5F3922E4BC037003DDFAB /* Spark&VesperTests.xctest */ = {isa = PBXFileReference; explicitFileType = wrapper.cfbundle; includeInIndex = 0; path = "Spark&VesperTests.xctest"; sourceTree = BUILT_PRODUCTS_DIR; };
		D0C5F39C2E4BC037003DDFAB /* Spark&VesperUITests.xctest */ = {isa = PBXFileReference; explicitFileType = wrapper.cfbundle; includeInIndex = 0; path = "Spark&VesperUITests.xctest"; sourceTree = BUILT_PRODUCTS_DIR; };
		D0C5F3B42E4C385C003DDFAB /* GameScreen.swift */ = {isa = PBXFileReference; lastKnownFileType = sourcecode.swift; path = GameScreen.swift; sourceTree = "<group>"; };
		D0C5F3B52E4C385C003DDFAB /* RootView.swift */ = {isa = PBXFileReference; lastKnownFileType = sourcecode.swift; path = RootView.swift; sourceTree = "<group>"; };
		D0C5F3F02E4C385C003DDFAB /* WebLevelView.swift */ = {isa = PBXFileReference; lastKnownFileType = sourcecode.swift; path = WebLevelView.swift; sourceTree = "<group>"; };
		D0C5F3F12E4C385C003DDFAB /* level1.html */ = {isa = PBXFileReference; lastKnownFileType = text.html; path = Content/Levels/level1.html; sourceTree = "<group>"; };
		D0C5F3B82E4C385C003DDFAB /* BridgeNode.swift */ = {isa = PBXFileReference; lastKnownFileType = sourcecode.swift; path = BridgeNode.swift; sourceTree = "<group>"; };
		D0C5F3B92E4C385C003DDFAB /* ExitPortalNode.swift */ = {isa = PBXFileReference; lastKnownFileType = sourcecode.swift; path = ExitPortalNode.swift; sourceTree = "<group>"; };
		D0C5F3BA2E4C385C003DDFAB /* FlowBarrierNode.swift */ = {isa = PBXFileReference; lastKnownFileType = sourcecode.swift; path = FlowBarrierNode.swift; sourceTree = "<group>"; };
		D0C5F3BB2E4C385C003DDFAB /* HeatPlateNode.swift */ = {isa = PBXFileReference; lastKnownFileType = sourcecode.swift; path = HeatPlateNode.swift; sourceTree = "<group>"; };
		D0C5F3BC2E4C385C003DDFAB /* IceWallNode.swift */ = {isa = PBXFileReference; lastKnownFileType = sourcecode.swift; path = IceWallNode.swift; sourceTree = "<group>"; };
		D0C5F3BD2E4C385C003DDFAB /* SparkNode.swift */ = {isa = PBXFileReference; lastKnownFileType = sourcecode.swift; path = SparkNode.swift; sourceTree = "<group>"; };
		D0C5F3BE2E4C385C003DDFAB /* SurgeBarrierNode.swift */ = {isa = PBXFileReference; lastKnownFileType = sourcecode.swift; path = SurgeBarrierNode.swift; sourceTree = "<group>"; };
		D0C5F3BF2E4C385C003DDFAB /* VesperNode.swift */ = {isa = PBXFileReference; lastKnownFileType = sourcecode.swift; path = VesperNode.swift; sourceTree = "<group>"; };
		D0C5F3C02E4C385C003DDFAB /* WindmillNode.swift */ = {isa = PBXFileReference; lastKnownFileType = sourcecode.swift; path = WindmillNode.swift; sourceTree = "<group>"; };
		D0C5F3C22E4C385C003DDFAB /* BaseScene.swift */ = {isa = PBXFileReference; lastKnownFileType = sourcecode.swift; path = BaseScene.swift; sourceTree = "<group>"; };
		D0C5F3C32E4C385C003DDFAB /* SparkScene.swift */ = {isa = PBXFileReference; lastKnownFileType = sourcecode.swift; path = SparkScene.swift; sourceTree = "<group>"; };
		D0C5F3C42E4C385C003DDFAB /* VesperScene.swift */ = {isa = PBXFileReference; lastKnownFileType = sourcecode.swift; path = VesperScene.swift; sourceTree = "<group>"; };
		D0C5F3F22E4C385C003DDFAB /* Level1Scene.swift */ = {isa = PBXFileReference; lastKnownFileType = sourcecode.swift; path = Level1Scene.swift; sourceTree = "<group>"; };
		D0C5F3C62E4C385C003DDFAB /* LevelManager.swift */ = {isa = PBXFileReference; lastKnownFileType = sourcecode.swift; path = LevelManager.swift; sourceTree = "<group>"; };
		D0C5F3C72E4C385C003DDFAB /* ParticlePool.swift */ = {isa = PBXFileReference; lastKnownFileType = sourcecode.swift; path = ParticlePool.swift; sourceTree = "<group>"; };
		D0C5F3CA2E4C385C003DDFAB /* GameManager.swift */ = {isa = PBXFileReference; lastKnownFileType = sourcecode.swift; path = GameManager.swift; sourceTree = "<group>"; };
		D0C5F3CC2E4C385C003DDFAB /* AchievementManager.swift */ = {isa = PBXFileReference; lastKnownFileType = sourcecode.swift; path = AchievementManager.swift; sourceTree = "<group>"; };
		D0C5F3CD2E4C385C003DDFAB /* SaveSystem.swift */ = {isa = PBXFileReference; lastKnownFileType = sourcecode.swift; path = SaveSystem.swift; sourceTree = "<group>"; };
		D0C5F3D02E4C385C003DDFAB /* Constants.swift */ = {isa = PBXFileReference; lastKnownFileType = sourcecode.swift; path = Constants.swift; sourceTree = "<group>"; };
		D0C5F3D12E4C385C003DDFAB /* Haptics.swift */ = {isa = PBXFileReference; lastKnownFileType = sourcecode.swift; path = Haptics.swift; sourceTree = "<group>"; };
		D0C5F3D22E4C385C003DDFAB /* Shaders.swift */ = {isa = PBXFileReference; lastKnownFileType = sourcecode.swift; path = Shaders.swift; sourceTree = "<group>"; };
		D0C5F3D42E4C385C003DDFAB /* SparkAndVesperApp.swift */ = {isa = PBXFileReference; lastKnownFileType = sourcecode.swift; path = SparkAndVesperApp.swift; sourceTree = "<group>"; };
/* End PBXFileReference section */

/* Begin PBXFileSystemSynchronizedBuildFileExceptionSet section */
		D0C5F3B12E4C315E003DDFAB /* Exceptions for "Spark&Vesper" folder in "Spark&Vesper" target */ = {
			isa = PBXFileSystemSynchronizedBuildFileExceptionSet;
			membershipExceptions = (
				Info.plist,
			);
			target = D0C5F3782E4BC036003DDFAB /* Spark&Vesper */;
		};
/* End PBXFileSystemSynchronizedBuildFileExceptionSet section */

/* Begin PBXFileSystemSynchronizedRootGroup section */
		D0C5F37B2E4BC036003DDFAB /* Spark&Vesper */ = {
			isa = PBXFileSystemSynchronizedRootGroup;
			exceptions = (
				D0C5F3B12E4C315E003DDFAB /* Exceptions for "Spark&Vesper" folder in "Spark&Vesper" target */,
			);
			path = "Spark&Vesper";
			sourceTree = "<group>";
		};
		D0C5F3952E4BC037003DDFAB /* Spark&VesperTests */ = {
			isa = PBXFileSystemSynchronizedRootGroup;
			path = "Spark&VesperTests";
			sourceTree = "<group>";
		};
		D0C5F39F2E4BC037003DDFAB /* Spark&VesperUITests */ = {
			isa = PBXFileSystemSynchronizedRootGroup;
			path = "Spark&VesperUITests";
			sourceTree = "<group>";
		};
/* End PBXFileSystemSynchronizedRootGroup section */

/* Begin PBXFrameworksBuildPhase section */
		D0C5F3762E4BC036003DDFAB /* Frameworks */ = {
			isa = PBXFrameworksBuildPhase;
			buildActionMask = 2147483647;
			files = (
			);
			runOnlyForDeploymentPostprocessing = 0;
		};
		D0C5F38F2E4BC037003DDFAB /* Frameworks */ = {
			isa = PBXFrameworksBuildPhase;
			buildActionMask = 2147483647;
			files = (
			);
			runOnlyForDeploymentPostprocessing = 0;
		};
		D0C5F3992E4BC037003DDFAB /* Frameworks */ = {
			isa = PBXFrameworksBuildPhase;
			buildActionMask = 2147483647;
			files = (
			);
			runOnlyForDeploymentPostprocessing = 0;
		};
/* End PBXFrameworksBuildPhase section */

/* Begin PBXGroup section */
		D0C5F3702E4BC036003DDFAB = {
			isa = PBXGroup;
			children = (
				D0C5F3CB2E4C385C003DDFAB /* Game */,
				D0C5F3CE2E4C385C003DDFAB /* Services */,
				D0C5F3D42E4C385C003DDFAB /* SparkAndVesperApp.swift */,
				D0C5F3B62E4C385C003DDFAB /* UI */,
				D0C5F3D32E4C385C003DDFAB /* Utilities */,
				D0C5F37B2E4BC036003DDFAB /* Spark&Vesper */,
				D0C5F3952E4BC037003DDFAB /* Spark&VesperTests */,
				D0C5F39F2E4BC037003DDFAB /* Spark&VesperUITests */,
				D0C5F37A2E4BC036003DDFAB /* Products */,
			);
			sourceTree = "<group>";
		};
		D0C5F37A2E4BC036003DDFAB /* Products */ = {
			isa = PBXGroup;
			children = (
				D0C5F3792E4BC036003DDFAB /* Spark&Vesper.app */,
				D0C5F3922E4BC037003DDFAB /* Spark&VesperTests.xctest */,
				D0C5F39C2E4BC037003DDFAB /* Spark&VesperUITests.xctest */,
			);
			name = Products;
			sourceTree = "<group>";
		};
		D0C5F3B22E4C385C003DDFAB /* Components */ = {
			isa = PBXGroup;
			children = (
			);
			path = Components;
			sourceTree = "<group>";
		};
		D0C5F3B32E4C385C003DDFAB /* Screens */ = {
			isa = PBXGroup;
			children = (
			);
			path = Screens;
			sourceTree = "<group>";
		};
		D0C5F3B62E4C385C003DDFAB /* UI */ = {
			isa = PBXGroup;
			children = (
				D0C5F3B22E4C385C003DDFAB /* Components */,
				D0C5F3B32E4C385C003DDFAB /* Screens */,
				D0C5F3B42E4C385C003DDFAB /* GameScreen.swift */,
				D0C5F3B52E4C385C003DDFAB /* RootView.swift */,
				D0C5F3F02E4C385C003DDFAB /* WebLevelView.swift */,
			);
			path = UI;
			sourceTree = "<group>";
		};
		D0C5F3B72E4C385C003DDFAB /* Assets */ = {
			isa = PBXGroup;
			children = (
			);
			path = Assets;
			sourceTree = "<group>";
		};
		D0C5F3C12E4C385C003DDFAB /* Entities */ = {
			isa = PBXGroup;
			children = (
				D0C5F3B82E4C385C003DDFAB /* BridgeNode.swift */,
				D0C5F3B92E4C385C003DDFAB /* ExitPortalNode.swift */,
				D0C5F3BA2E4C385C003DDFAB /* FlowBarrierNode.swift */,
				D0C5F3BB2E4C385C003DDFAB /* HeatPlateNode.swift */,
				D0C5F3BC2E4C385C003DDFAB /* IceWallNode.swift */,
				D0C5F3BD2E4C385C003DDFAB /* SparkNode.swift */,
				D0C5F3BE2E4C385C003DDFAB /* SurgeBarrierNode.swift */,
				D0C5F3BF2E4C385C003DDFAB /* VesperNode.swift */,
				D0C5F3C02E4C385C003DDFAB /* WindmillNode.swift */,
			);
			path = Entities;
			sourceTree = "<group>";
		};
		D0C5F3C52E4C385C003DDFAB /* Scenes */ = {
			isa = PBXGroup;
			children = (
				D0C5F3C22E4C385C003DDFAB /* BaseScene.swift */,
				D0C5F3C32E4C385C003DDFAB /* SparkScene.swift */,
				D0C5F3C42E4C385C003DDFAB /* VesperScene.swift */,
				D0C5F3F22E4C385C003DDFAB /* Level1Scene.swift */,
			);
			path = Scenes;
			sourceTree = "<group>";
		};
		D0C5F3C82E4C385C003DDFAB /* Systems */ = {
			isa = PBXGroup;
			children = (
				D0C5F3C62E4C385C003DDFAB /* LevelManager.swift */,
				D0C5F3C72E4C385C003DDFAB /* ParticlePool.swift */,
			);
			path = Systems;
			sourceTree = "<group>";
		};
		D0C5F3C92E4C385C003DDFAB /* UI */ = {
			isa = PBXGroup;
			children = (
			);
			path = UI;
			sourceTree = "<group>";
		};
		D0C5F3CB2E4C385C003DDFAB /* Game */ = {
			isa = PBXGroup;
			children = (
				D0C5F3B72E4C385C003DDFAB /* Assets */,
				D0C5F3C12E4C385C003DDFAB /* Entities */,
				D0C5F3C52E4C385C003DDFAB /* Scenes */,
				D0C5F3C82E4C385C003DDFAB /* Systems */,
				D0C5F3C92E4C385C003DDFAB /* UI */,
				D0C5F3CA2E4C385C003DDFAB /* GameManager.swift */,
			);
			path = Game;
			sourceTree = "<group>";
		};
		D0C5F3CE2E4C385C003DDFAB /* Services */ = {
			isa = PBXGroup;
			children = (
				D0C5F3CC2E4C385C003DDFAB /* AchievementManager.swift */,
				D0C5F3CD2E4C385C003DDFAB /* SaveSystem.swift */,
			);
			path = Services;
			sourceTree = "<group>";
		};
		D0C5F3CF2E4C385C003DDFAB /* Extensions */ = {
			isa = PBXGroup;
			children = (
			);
			path = Extensions;
			sourceTree = "<group>";
		};
		D0C5F3D32E4C385C003DDFAB /* Utilities */ = {
			isa = PBXGroup;
			children = (
				D0C5F3CF2E4C385C003DDFAB /* Extensions */,
				D0C5F3D02E4C385C003DDFAB /* Constants.swift */,
				D0C5F3D12E4C385C003DDFAB /* Haptics.swift */,
				D0C5F3D22E4C385C003DDFAB /* Shaders.swift */,
			);
			path = Utilities;
			sourceTree = "<group>";
		};
/* End PBXGroup section */

/* Begin PBXNativeTarget section */
		D0C5F3782E4BC036003DDFAB /* Spark&Vesper */ = {
			isa = PBXNativeTarget;
			buildConfigurationList = D0C5F3A62E4BC037003DDFAB /* Build configuration list for PBXNativeTarget "Spark&Vesper" */;
			buildPhases = (
				D0C5F3752E4BC036003DDFAB /* Sources */,
				D0C5F3762E4BC036003DDFAB /* Frameworks */,
				D0C5F3772E4BC036003DDFAB /* Resources */,
			);
			buildRules = (
			);
			dependencies = (
			);
			fileSystemSynchronizedGroups = (
				D0C5F37B2E4BC036003DDFAB /* Spark&Vesper */,
			);
			name = "Spark&Vesper";
			packageProductDependencies = (
			);
			productName = "Spark&Vesper";
			productReference = D0C5F3792E4BC036003DDFAB /* Spark&Vesper.app */;
			productType = "com.apple.product-type.application";
		};
		D0C5F3912E4BC037003DDFAB /* Spark&VesperTests */ = {
			isa = PBXNativeTarget;
			buildConfigurationList = D0C5F3A92E4BC037003DDFAB /* Build configuration list for PBXNativeTarget "Spark&VesperTests" */;
			buildPhases = (
				D0C5F38E2E4BC037003DDFAB /* Sources */,
				D0C5F38F2E4BC037003DDFAB /* Frameworks */,
				D0C5F3902E4BC037003DDFAB /* Resources */,
			);
			buildRules = (
			);
			dependencies = (
				D0C5F3942E4BC037003DDFAB /* PBXTargetDependency */,
			);
			fileSystemSynchronizedGroups = (
				D0C5F3952E4BC037003DDFAB /* Spark&VesperTests */,
			);
			name = "Spark&VesperTests";
			packageProductDependencies = (
			);
			productName = "Spark&VesperTests";
			productReference = D0C5F3922E4BC037003DDFAB /* Spark&VesperTests.xctest */;
			productType = "com.apple.product-type.bundle.unit-test";
		};
		D0C5F39B2E4BC037003DDFAB /* Spark&VesperUITests */ = {
			isa = PBXNativeTarget;
			buildConfigurationList = D0C5F3AC2E4BC037003DDFAB /* Build configuration list for PBXNativeTarget "Spark&VesperUITests" */;
			buildPhases = (
				D0C5F3982E4BC037003DDFAB /* Sources */,
				D0C5F3992E4BC037003DDFAB /* Frameworks */,
				D0C5F39A2E4BC037003DDFAB /* Resources */,
			);
			buildRules = (
			);
			dependencies = (
				D0C5F39E2E4BC037003DDFAB /* PBXTargetDependency */,
			);
			fileSystemSynchronizedGroups = (
				D0C5F39F2E4BC037003DDFAB /* Spark&VesperUITests */,
			);
			name = "Spark&VesperUITests";
			packageProductDependencies = (
			);
			productName = "Spark&VesperUITests";
			productReference = D0C5F39C2E4BC037003DDFAB /* Spark&VesperUITests.xctest */;
			productType = "com.apple.product-type.bundle.ui-testing";
		};
/* End PBXNativeTarget section */

/* Begin PBXProject section */
		D0C5F3712E4BC036003DDFAB /* Project object */ = {
			isa = PBXProject;
			attributes = {
				BuildIndependentTargetsInParallel = 1;
				LastSwiftUpdateCheck = 1640;
				LastUpgradeCheck = 1640;
				TargetAttributes = {
					D0C5F3782E4BC036003DDFAB = {
						CreatedOnToolsVersion = 16.4;
					};
					D0C5F3912E4BC037003DDFAB = {
						CreatedOnToolsVersion = 16.4;
						TestTargetID = D0C5F3782E4BC036003DDFAB;
					};
					D0C5F39B2E4BC037003DDFAB = {
						CreatedOnToolsVersion = 16.4;
						TestTargetID = D0C5F3782E4BC036003DDFAB;
					};
				};
			};
			buildConfigurationList = D0C5F3742E4BC036003DDFAB /* Build configuration list for PBXProject "Spark&Vesper" */;
			developmentRegion = en;
			hasScannedForEncodings = 0;
			knownRegions = (
				en,
				Base,
			);
			mainGroup = D0C5F3702E4BC036003DDFAB;
			minimizedProjectReferenceProxies = 1;
			preferredProjectObjectVersion = 77;
			productRefGroup = D0C5F37A2E4BC036003DDFAB /* Products */;
			projectDirPath = "";
			projectRoot = "";
			targets = (
				D0C5F3782E4BC036003DDFAB /* Spark&Vesper */,
				D0C5F3912E4BC037003DDFAB /* Spark&VesperTests */,
				D0C5F39B2E4BC037003DDFAB /* Spark&VesperUITests */,
			);
		};
/* End PBXProject section */

/* Begin PBXResourcesBuildPhase section */
		D0C5F3772E4BC036003DDFAB /* Resources */ = {
			isa = PBXResourcesBuildPhase;
			buildActionMask = 2147483647;
			files = (
				D0C5F3ED2E4C3917003DDFAB /* level1.html in Resources */,
			);
			runOnlyForDeploymentPostprocessing = 0;
		};
		D0C5F3902E4BC037003DDFAB /* Resources */ = {
			isa = PBXResourcesBuildPhase;
			buildActionMask = 2147483647;
			files = (
			);
			runOnlyForDeploymentPostprocessing = 0;
		};
		D0C5F39A2E4BC037003DDFAB /* Resources */ = {
			isa = PBXResourcesBuildPhase;
			buildActionMask = 2147483647;
			files = (
			);
			runOnlyForDeploymentPostprocessing = 0;
		};
/* End PBXResourcesBuildPhase section */

/* Begin PBXSourcesBuildPhase section */
		D0C5F3752E4BC036003DDFAB /* Sources */ = {
			isa = PBXSourcesBuildPhase;
			buildActionMask = 2147483647;
			files = (
				D0C5F3D52E4C3917003DDFAB /* BridgeNode.swift in Sources */,
				D0C5F3D62E4C3917003DDFAB /* ExitPortalNode.swift in Sources */,
				D0C5F3D72E4C3917003DDFAB /* FlowBarrierNode.swift in Sources */,
				D0C5F3D82E4C3917003DDFAB /* HeatPlateNode.swift in Sources */,
				D0C5F3D92E4C3917003DDFAB /* IceWallNode.swift in Sources */,
				D0C5F3DA2E4C3917003DDFAB /* SparkNode.swift in Sources */,
				D0C5F3DB2E4C3917003DDFAB /* SurgeBarrierNode.swift in Sources */,
				D0C5F3DC2E4C3917003DDFAB /* VesperNode.swift in Sources */,
				D0C5F3DD2E4C3917003DDFAB /* WindmillNode.swift in Sources */,
				D0C5F3DE2E4C3917003DDFAB /* BaseScene.swift in Sources */,
				D0C5F3DF2E4C3917003DDFAB /* SparkScene.swift in Sources */,
				D0C5F3E02E4C3917003DDFAB /* VesperScene.swift in Sources */,
				D0C5F3EE2E4C3917003DDFAB /* Level1Scene.swift in Sources */,
				D0C5F3E12E4C3917003DDFAB /* LevelManager.swift in Sources */,
				D0C5F3E22E4C3917003DDFAB /* ParticlePool.swift in Sources */,
				D0C5F3E32E4C3917003DDFAB /* GameManager.swift in Sources */,
				D0C5F3E42E4C3917003DDFAB /* AchievementManager.swift in Sources */,
				D0C5F3E52E4C3917003DDFAB /* SaveSystem.swift in Sources */,
				D0C5F3E62E4C3917003DDFAB /* SparkAndVesperApp.swift in Sources */,
				D0C5F3E72E4C3917003DDFAB /* GameScreen.swift in Sources */,
				D0C5F3E82E4C3917003DDFAB /* RootView.swift in Sources */,
				D0C5F3EC2E4C3917003DDFAB /* WebLevelView.swift in Sources */,
				D0C5F3E92E4C3917003DDFAB /* Constants.swift in Sources */,
				D0C5F3EA2E4C3917003DDFAB /* Haptics.swift in Sources */,
				D0C5F3EB2E4C3917003DDFAB /* Shaders.swift in Sources */,
			);
			runOnlyForDeploymentPostprocessing = 0;
		};
		D0C5F38E2E4BC037003DDFAB /* Sources */ = {
			isa = PBXSourcesBuildPhase;
			buildActionMask = 2147483647;
			files = (
			);
			runOnlyForDeploymentPostprocessing = 0;
		};
		D0C5F3982E4BC037003DDFAB /* Sources */ = {
			isa = PBXSourcesBuildPhase;
			buildActionMask = 2147483647;
			files = (
			);
			runOnlyForDeploymentPostprocessing = 0;
		};
/* End PBXSourcesBuildPhase section */

/* Begin PBXTargetDependency section */
		D0C5F3942E4BC037003DDFAB /* PBXTargetDependency */ = {
			isa = PBXTargetDependency;
			target = D0C5F3782E4BC036003DDFAB /* Spark&Vesper */;
			targetProxy = D0C5F3932E4BC037003DDFAB /* PBXContainerItemProxy */;
		};
		D0C5F39E2E4BC037003DDFAB /* PBXTargetDependency */ = {
			isa = PBXTargetDependency;
			target = D0C5F3782E4BC036003DDFAB /* Spark&Vesper */;
			targetProxy = D0C5F39D2E4BC037003DDFAB /* PBXContainerItemProxy */;
		};
/* End PBXTargetDependency section */

/* Begin XCBuildConfiguration section */
		D0C5F3A42E4BC037003DDFAB /* Debug */ = {
			isa = XCBuildConfiguration;
			buildSettings = {
				ALWAYS_SEARCH_USER_PATHS = NO;
				ASSETCATALOG_COMPILER_GENERATE_SWIFT_ASSET_SYMBOL_EXTENSIONS = YES;
				CLANG_ANALYZER_NONNULL = YES;
				CLANG_ANALYZER_NUMBER_OBJECT_CONVERSION = YES_AGGRESSIVE;
				CLANG_CXX_LANGUAGE_STANDARD = "gnu++20";
				CLANG_ENABLE_MODULES = YES;
				CLANG_ENABLE_OBJC_ARC = YES;
				CLANG_ENABLE_OBJC_WEAK = YES;
				CLANG_WARN_BLOCK_CAPTURE_AUTORELEASING = YES;
				CLANG_WARN_BOOL_CONVERSION = YES;
				CLANG_WARN_COMMA = YES;
				CLANG_WARN_CONSTANT_CONVERSION = YES;
				CLANG_WARN_DEPRECATED_OBJC_IMPLEMENTATIONS = YES;
				CLANG_WARN_DIRECT_OBJC_ISA_USAGE = YES_ERROR;
				CLANG_WARN_DOCUMENTATION_COMMENTS = YES;
				CLANG_WARN_EMPTY_BODY = YES;
				CLANG_WARN_ENUM_CONVERSION = YES;
				CLANG_WARN_INFINITE_RECURSION = YES;
				CLANG_WARN_INT_CONVERSION = YES;
				CLANG_WARN_NON_LITERAL_NULL_CONVERSION = YES;
				CLANG_WARN_OBJC_IMPLICIT_RETAIN_SELF = YES;
				CLANG_WARN_OBJC_LITERAL_CONVERSION = YES;
				CLANG_WARN_OBJC_ROOT_CLASS = YES_ERROR;
				CLANG_WARN_QUOTED_INCLUDE_IN_FRAMEWORK_HEADER = YES;
				CLANG_WARN_RANGE_LOOP_ANALYSIS = YES;
				CLANG_WARN_STRICT_PROTOTYPES = YES;
				CLANG_WARN_SUSPICIOUS_MOVE = YES;
				CLANG_WARN_UNGUARDED_AVAILABILITY = YES_AGGRESSIVE;
				CLANG_WARN_UNREACHABLE_CODE = YES;
				CLANG_WARN__DUPLICATE_METHOD_MATCH = YES;
				COPY_PHASE_STRIP = NO;
				DEBUG_INFORMATION_FORMAT = dwarf;
				ENABLE_STRICT_OBJC_MSGSEND = YES;
				ENABLE_TESTABILITY = YES;
				ENABLE_USER_SCRIPT_SANDBOXING = YES;
				GCC_C_LANGUAGE_STANDARD = gnu17;
				GCC_DYNAMIC_NO_PIC = NO;
				GCC_NO_COMMON_BLOCKS = YES;
				GCC_OPTIMIZATION_LEVEL = 0;
				GCC_PREPROCESSOR_DEFINITIONS = (
					"DEBUG=1",
					"$(inherited)",
				);
				GCC_WARN_64_TO_32_BIT_CONVERSION = YES;
				GCC_WARN_ABOUT_RETURN_TYPE = YES_ERROR;
				GCC_WARN_UNDECLARED_SELECTOR = YES;
				GCC_WARN_UNINITIALIZED_AUTOS = YES_AGGRESSIVE;
				GCC_WARN_UNUSED_FUNCTION = YES;
				GCC_WARN_UNUSED_VARIABLE = YES;
				IPHONEOS_DEPLOYMENT_TARGET = 18.5;
				LOCALIZATION_PREFERS_STRING_CATALOGS = YES;
				MTL_ENABLE_DEBUG_INFO = INCLUDE_SOURCE;
				MTL_FAST_MATH = YES;
				ONLY_ACTIVE_ARCH = YES;
				SDKROOT = iphoneos;
				SWIFT_ACTIVE_COMPILATION_CONDITIONS = "DEBUG $(inherited)";
				SWIFT_OPTIMIZATION_LEVEL = "-Onone";
			};
			name = Debug;
		};
		D0C5F3A52E4BC037003DDFAB /* Release */ = {
			isa = XCBuildConfiguration;
			buildSettings = {
				ALWAYS_SEARCH_USER_PATHS = NO;
				ASSETCATALOG_COMPILER_GENERATE_SWIFT_ASSET_SYMBOL_EXTENSIONS = YES;
				CLANG_ANALYZER_NONNULL = YES;
				CLANG_ANALYZER_NUMBER_OBJECT_CONVERSION = YES_AGGRESSIVE;
				CLANG_CXX_LANGUAGE_STANDARD = "gnu++20";
				CLANG_ENABLE_MODULES = YES;
				CLANG_ENABLE_OBJC_ARC = YES;
				CLANG_ENABLE_OBJC_WEAK = YES;
				CLANG_WARN_BLOCK_CAPTURE_AUTORELEASING = YES;
				CLANG_WARN_BOOL_CONVERSION = YES;
				CLANG_WARN_COMMA = YES;
				CLANG_WARN_CONSTANT_CONVERSION = YES;
				CLANG_WARN_DEPRECATED_OBJC_IMPLEMENTATIONS = YES;
				CLANG_WARN_DIRECT_OBJC_ISA_USAGE = YES_ERROR;
				CLANG_WARN_DOCUMENTATION_COMMENTS = YES;
				CLANG_WARN_EMPTY_BODY = YES;
				CLANG_WARN_ENUM_CONVERSION = YES;
				CLANG_WARN_INFINITE_RECURSION = YES;
				CLANG_WARN_INT_CONVERSION = YES;
				CLANG_WARN_NON_LITERAL_NULL_CONVERSION = YES;
				CLANG_WARN_OBJC_IMPLICIT_RETAIN_SELF = YES;
				CLANG_WARN_OBJC_LITERAL_CONVERSION = YES;
				CLANG_WARN_OBJC_ROOT_CLASS = YES_ERROR;
				CLANG_WARN_QUOTED_INCLUDE_IN_FRAMEWORK_HEADER = YES;
				CLANG_WARN_RANGE_LOOP_ANALYSIS = YES;
				CLANG_WARN_STRICT_PROTOTYPES = YES;
				CLANG_WARN_SUSPICIOUS_MOVE = YES;
				CLANG_WARN_UNGUARDED_AVAILABILITY = YES_AGGRESSIVE;
				CLANG_WARN_UNREACHABLE_CODE = YES;
				CLANG_WARN__DUPLICATE_METHOD_MATCH = YES;
				COPY_PHASE_STRIP = NO;
				DEBUG_INFORMATION_FORMAT = "dwarf-with-dsym";
				ENABLE_NS_ASSERTIONS = NO;
				ENABLE_STRICT_OBJC_MSGSEND = YES;
				ENABLE_USER_SCRIPT_SANDBOXING = YES;
				GCC_C_LANGUAGE_STANDARD = gnu17;
				GCC_NO_COMMON_BLOCKS = YES;
				GCC_WARN_64_TO_32_BIT_CONVERSION = YES;
				GCC_WARN_ABOUT_RETURN_TYPE = YES_ERROR;
				GCC_WARN_UNDECLARED_SELECTOR = YES;
				GCC_WARN_UNINITIALIZED_AUTOS = YES_AGGRESSIVE;
				GCC_WARN_UNUSED_FUNCTION = YES;
				GCC_WARN_UNUSED_VARIABLE = YES;
				IPHONEOS_DEPLOYMENT_TARGET = 18.5;
				LOCALIZATION_PREFERS_STRING_CATALOGS = YES;
				MTL_ENABLE_DEBUG_INFO = NO;
				MTL_FAST_MATH = YES;
				SDKROOT = iphoneos;
				SWIFT_COMPILATION_MODE = wholemodule;
				VALIDATE_PRODUCT = YES;
			};
			name = Release;
		};
		D0C5F3A72E4BC037003DDFAB /* Debug */ = {
			isa = XCBuildConfiguration;
			buildSettings = {
				ASSETCATALOG_COMPILER_APPICON_NAME = AppIcon;
				ASSETCATALOG_COMPILER_GLOBAL_ACCENT_COLOR_NAME = AccentColor;
				CODE_SIGN_STYLE = Automatic;
				CURRENT_PROJECT_VERSION = 1;
				GENERATE_INFOPLIST_FILE = YES;
				INFOPLIST_KEY_UIApplicationSupportsIndirectInputEvents = YES;
				INFOPLIST_KEY_UILaunchStoryboardName = LaunchScreen;
				INFOPLIST_KEY_UIStatusBarHidden = YES;
				INFOPLIST_KEY_UISupportedInterfaceOrientations_iPad = "UIInterfaceOrientationPortrait UIInterfaceOrientationPortraitUpsideDown UIInterfaceOrientationLandscapeLeft UIInterfaceOrientationLandscapeRight";
				INFOPLIST_KEY_UISupportedInterfaceOrientations_iPhone = "UIInterfaceOrientationPortrait UIInterfaceOrientationLandscapeLeft UIInterfaceOrientationLandscapeRight";
				LD_RUNPATH_SEARCH_PATHS = (
					"$(inherited)",
					"@executable_path/Frameworks",
				);
				MARKETING_VERSION = 1.0;
				PRODUCT_BUNDLE_IDENTIFIER = "com.jamesalford.Spark-Vesper";
				PRODUCT_NAME = "$(TARGET_NAME)";
				SWIFT_EMIT_LOC_STRINGS = YES;
				SWIFT_VERSION = 5.0;
				TARGETED_DEVICE_FAMILY = "1,2";
			};
			name = Debug;
		};
		D0C5F3A82E4BC037003DDFAB /* Release */ = {
			isa = XCBuildConfiguration;
			buildSettings = {
				ASSETCATALOG_COMPILER_APPICON_NAME = AppIcon;
				ASSETCATALOG_COMPILER_GLOBAL_ACCENT_COLOR_NAME = AccentColor;
				CODE_SIGN_STYLE = Automatic;
				CURRENT_PROJECT_VERSION = 1;
				GENERATE_INFOPLIST_FILE = YES;
				INFOPLIST_KEY_UIApplicationSupportsIndirectInputEvents = YES;
				INFOPLIST_KEY_UILaunchStoryboardName = LaunchScreen;
				INFOPLIST_KEY_UIStatusBarHidden = YES;
				INFOPLIST_KEY_UISupportedInterfaceOrientations_iPad = "UIInterfaceOrientationPortrait UIInterfaceOrientationPortraitUpsideDown UIInterfaceOrientationLandscapeLeft UIInterfaceOrientationLandscapeRight";
				INFOPLIST_KEY_UISupportedInterfaceOrientations_iPhone = "UIInterfaceOrientationPortrait UIInterfaceOrientationLandscapeLeft UIInterfaceOrientationLandscapeRight";
				LD_RUNPATH_SEARCH_PATHS = (
					"$(inherited)",
					"@executable_path/Frameworks",
				);
				MARKETING_VERSION = 1.0;
				PRODUCT_BUNDLE_IDENTIFIER = "com.jamesalford.Spark-Vesper";
				PRODUCT_NAME = "$(TARGET_NAME)";
				SWIFT_EMIT_LOC_STRINGS = YES;
				SWIFT_VERSION = 5.0;
				TARGETED_DEVICE_FAMILY = "1,2";
			};
			name = Release;
		};
		D0C5F3AA2E4BC037003DDFAB /* Debug */ = {
			isa = XCBuildConfiguration;
			buildSettings = {
				BUNDLE_LOADER = "$(TEST_HOST)";
				CODE_SIGN_STYLE = Automatic;
				CURRENT_PROJECT_VERSION = 1;
				GENERATE_INFOPLIST_FILE = YES;
				IPHONEOS_DEPLOYMENT_TARGET = 18.5;
				MARKETING_VERSION = 1.0;
				PRODUCT_BUNDLE_IDENTIFIER = "com.jamesalford.Spark-VesperTests";
				PRODUCT_NAME = "$(TARGET_NAME)";
				SWIFT_EMIT_LOC_STRINGS = NO;
				SWIFT_VERSION = 5.0;
				TARGETED_DEVICE_FAMILY = "1,2";
				TEST_HOST = "$(BUILT_PRODUCTS_DIR)/Spark&Vesper.app/$(BUNDLE_EXECUTABLE_FOLDER_PATH)/Spark&Vesper";
			};
			name = Debug;
		};
		D0C5F3AB2E4BC037003DDFAB /* Release */ = {
			isa = XCBuildConfiguration;
			buildSettings = {
				BUNDLE_LOADER = "$(TEST_HOST)";
				CODE_SIGN_STYLE = Automatic;
				CURRENT_PROJECT_VERSION = 1;
				GENERATE_INFOPLIST_FILE = YES;
				IPHONEOS_DEPLOYMENT_TARGET = 18.5;
				MARKETING_VERSION = 1.0;
				PRODUCT_BUNDLE_IDENTIFIER = "com.jamesalford.Spark-VesperTests";
				PRODUCT_NAME = "$(TARGET_NAME)";
				SWIFT_EMIT_LOC_STRINGS = NO;
				SWIFT_VERSION = 5.0;
				TARGETED_DEVICE_FAMILY = "1,2";
				TEST_HOST = "$(BUILT_PRODUCTS_DIR)/Spark&Vesper.app/$(BUNDLE_EXECUTABLE_FOLDER_PATH)/Spark&Vesper";
			};
			name = Release;
		};
		D0C5F3AD2E4BC037003DDFAB /* Debug */ = {
			isa = XCBuildConfiguration;
			buildSettings = {
				CODE_SIGN_STYLE = Automatic;
				CURRENT_PROJECT_VERSION = 1;
				GENERATE_INFOPLIST_FILE = YES;
				MARKETING_VERSION = 1.0;
				PRODUCT_BUNDLE_IDENTIFIER = "com.jamesalford.Spark-VesperUITests";
				PRODUCT_NAME = "$(TARGET_NAME)";
				SWIFT_EMIT_LOC_STRINGS = NO;
				SWIFT_VERSION = 5.0;
				TARGETED_DEVICE_FAMILY = "1,2";
				TEST_TARGET_NAME = "Spark&Vesper";
			};
			name = Debug;
		};
		D0C5F3AE2E4BC037003DDFAB /* Release */ = {
			isa = XCBuildConfiguration;
			buildSettings = {
				CODE_SIGN_STYLE = Automatic;
				CURRENT_PROJECT_VERSION = 1;
				GENERATE_INFOPLIST_FILE = YES;
				MARKETING_VERSION = 1.0;
				PRODUCT_BUNDLE_IDENTIFIER = "com.jamesalford.Spark-VesperUITests";
				PRODUCT_NAME = "$(TARGET_NAME)";
				SWIFT_EMIT_LOC_STRINGS = NO;
				SWIFT_VERSION = 5.0;
				TARGETED_DEVICE_FAMILY = "1,2";
				TEST_TARGET_NAME = "Spark&Vesper";
			};
			name = Release;
		};
/* End XCBuildConfiguration section */

/* Begin XCConfigurationList section */
		D0C5F3742E4BC036003DDFAB /* Build configuration list for PBXProject "Spark&Vesper" */ = {
			isa = XCConfigurationList;
			buildConfigurations = (
				D0C5F3A42E4BC037003DDFAB /* Debug */,
				D0C5F3A52E4BC037003DDFAB /* Release */,
			);
			defaultConfigurationIsVisible = 0;
			defaultConfigurationName = Release;
		};
		D0C5F3A62E4BC037003DDFAB /* Build configuration list for PBXNativeTarget "Spark&Vesper" */ = {
			isa = XCConfigurationList;
			buildConfigurations = (
				D0C5F3A72E4BC037003DDFAB /* Debug */,
				D0C5F3A82E4BC037003DDFAB /* Release */,
			);
			defaultConfigurationIsVisible = 0;
			defaultConfigurationName = Release;
		};
		D0C5F3A92E4BC037003DDFAB /* Build configuration list for PBXNativeTarget "Spark&VesperTests" */ = {
			isa = XCConfigurationList;
			buildConfigurations = (
				D0C5F3AA2E4BC037003DDFAB /* Debug */,
				D0C5F3AB2E4BC037003DDFAB /* Release */,
			);
			defaultConfigurationIsVisible = 0;
			defaultConfigurationName = Release;
		};
		D0C5F3AC2E4BC037003DDFAB /* Build configuration list for PBXNativeTarget "Spark&VesperUITests" */ = {
			isa = XCConfigurationList;
			buildConfigurations = (
				D0C5F3AD2E4BC037003DDFAB /* Debug */,
				D0C5F3AE2E4BC037003DDFAB /* Release */,
			);
			defaultConfigurationIsVisible = 0;
			defaultConfigurationName = Release;
		};
/* End XCConfigurationList section */
	};
	rootObject = D0C5F3712E4BC036003DDFAB /* Project object */;
}
